// !$*UTF8*$!
{
	archiveVersion = 1;
	classes = {
	};
	objectVersion = 46;
	objects = {

/* Begin PBXBuildFile section */
		3B139B5319D5767700D55FB4 /* main.m in Sources */ = {isa = PBXBuildFile; fileRef = 3B139B5219D5767700D55FB4 /* main.m */; };
		3B139B5619D5767700D55FB4 /* AppDelegate.m in Sources */ = {isa = PBXBuildFile; fileRef = 3B139B5519D5767700D55FB4 /* AppDelegate.m */; };
		3B139B5C19D5767700D55FB4 /* Main.storyboard in Resources */ = {isa = PBXBuildFile; fileRef = 3B139B5A19D5767700D55FB4 /* Main.storyboard */; };
		3B139B5E19D5767700D55FB4 /* Images.xcassets in Resources */ = {isa = PBXBuildFile; fileRef = 3B139B5D19D5767700D55FB4 /* Images.xcassets */; };
		3B139B6119D5767700D55FB4 /* LaunchScreen.xib in Resources */ = {isa = PBXBuildFile; fileRef = 3B139B5F19D5767700D55FB4 /* LaunchScreen.xib */; };
		3B2498D219D98A91002F2376 /* mongoose.c in Sources */ = {isa = PBXBuildFile; fileRef = 3B2498D019D98A91002F2376 /* mongoose.c */; };
		3B2498D519D98DDE002F2376 /* ICServer.m in Sources */ = {isa = PBXBuildFile; fileRef = 3B2498D419D98DDE002F2376 /* ICServer.m */; };
		3B2498E219D9A39F002F2376 /* index.html in Resources */ = {isa = PBXBuildFile; fileRef = 3B2498E019D9A39F002F2376 /* index.html */; };
		3B2ABBB519D837D9006C9E20 /* ICAuthorizedUnknowController.m in Sources */ = {isa = PBXBuildFile; fileRef = 3B2ABBB419D837D9006C9E20 /* ICAuthorizedUnknowController.m */; };
		3B2ABBB819D84338006C9E20 /* ICAuthorizedDeniedController.m in Sources */ = {isa = PBXBuildFile; fileRef = 3B2ABBB719D84338006C9E20 /* ICAuthorizedDeniedController.m */; };
		3B2ABBBE19D857DB006C9E20 /* ICAuthorizedAllowController.m in Sources */ = {isa = PBXBuildFile; fileRef = 3B2ABBBD19D857DB006C9E20 /* ICAuthorizedAllowController.m */; };
		3B2ABBC119D8691F006C9E20 /* ICUserContact.m in Sources */ = {isa = PBXBuildFile; fileRef = 3B2ABBC019D8691F006C9E20 /* ICUserContact.m */; };
		D7A8FC751A0E1B8200FB6213 /* cache.manifest in Resources */ = {isa = PBXBuildFile; fileRef = D7A8FC731A0E1B8200FB6213 /* cache.manifest */; };
		D7A8FC761A0E1B8200FB6213 /* Icon.png in Resources */ = {isa = PBXBuildFile; fileRef = D7A8FC741A0E1B8200FB6213 /* Icon.png */; };
/* End PBXBuildFile section */

/* Begin PBXFileReference section */
		3B139B4D19D5767700D55FB4 /* IconContacts.app */ = {isa = PBXFileReference; explicitFileType = wrapper.application; includeInIndex = 0; path = IconContacts.app; sourceTree = BUILT_PRODUCTS_DIR; };
		3B139B5119D5767700D55FB4 /* Info.plist */ = {isa = PBXFileReference; lastKnownFileType = text.plist.xml; path = Info.plist; sourceTree = "<group>"; };
		3B139B5219D5767700D55FB4 /* main.m */ = {isa = PBXFileReference; lastKnownFileType = sourcecode.c.objc; path = main.m; sourceTree = "<group>"; };
		3B139B5419D5767700D55FB4 /* AppDelegate.h */ = {isa = PBXFileReference; lastKnownFileType = sourcecode.c.h; path = AppDelegate.h; sourceTree = "<group>"; };
		3B139B5519D5767700D55FB4 /* AppDelegate.m */ = {isa = PBXFileReference; lastKnownFileType = sourcecode.c.objc; path = AppDelegate.m; sourceTree = "<group>"; };
		3B139B5B19D5767700D55FB4 /* Base */ = {isa = PBXFileReference; lastKnownFileType = file.storyboard; name = Base; path = Base.lproj/Main.storyboard; sourceTree = "<group>"; };
		3B139B5D19D5767700D55FB4 /* Images.xcassets */ = {isa = PBXFileReference; lastKnownFileType = folder.assetcatalog; name = Images.xcassets; path = IconContacts/Images.xcassets; sourceTree = "<group>"; };
		3B139B6019D5767700D55FB4 /* Base */ = {isa = PBXFileReference; lastKnownFileType = file.xib; name = Base; path = Base.lproj/LaunchScreen.xib; sourceTree = "<group>"; };
		3B2498D019D98A91002F2376 /* mongoose.c */ = {isa = PBXFileReference; fileEncoding = 4; lastKnownFileType = sourcecode.c.c; path = mongoose.c; sourceTree = "<group>"; };
		3B2498D119D98A91002F2376 /* mongoose.h */ = {isa = PBXFileReference; fileEncoding = 4; lastKnownFileType = sourcecode.c.h; path = mongoose.h; sourceTree = "<group>"; };
		3B2498D319D98DDE002F2376 /* ICServer.h */ = {isa = PBXFileReference; fileEncoding = 4; lastKnownFileType = sourcecode.c.h; path = ICServer.h; sourceTree = "<group>"; };
		3B2498D419D98DDE002F2376 /* ICServer.m */ = {isa = PBXFileReference; fileEncoding = 4; lastKnownFileType = sourcecode.c.objc; path = ICServer.m; sourceTree = "<group>"; };
		3B2498E019D9A39F002F2376 /* index.html */ = {isa = PBXFileReference; fileEncoding = 4; lastKnownFileType = text.html; path = index.html; sourceTree = "<group>"; };
		3B2ABBB319D837D9006C9E20 /* ICAuthorizedUnknowController.h */ = {isa = PBXFileReference; fileEncoding = 4; lastKnownFileType = sourcecode.c.h; path = ICAuthorizedUnknowController.h; sourceTree = "<group>"; };
		3B2ABBB419D837D9006C9E20 /* ICAuthorizedUnknowController.m */ = {isa = PBXFileReference; fileEncoding = 4; lastKnownFileType = sourcecode.c.objc; path = ICAuthorizedUnknowController.m; sourceTree = "<group>"; };
		3B2ABBB619D84338006C9E20 /* ICAuthorizedDeniedController.h */ = {isa = PBXFileReference; fileEncoding = 4; lastKnownFileType = sourcecode.c.h; path = ICAuthorizedDeniedController.h; sourceTree = "<group>"; };
		3B2ABBB719D84338006C9E20 /* ICAuthorizedDeniedController.m */ = {isa = PBXFileReference; fileEncoding = 4; lastKnownFileType = sourcecode.c.objc; path = ICAuthorizedDeniedController.m; sourceTree = "<group>"; };
		3B2ABBBC19D857DB006C9E20 /* ICAuthorizedAllowController.h */ = {isa = PBXFileReference; fileEncoding = 4; lastKnownFileType = sourcecode.c.h; path = ICAuthorizedAllowController.h; sourceTree = "<group>"; };
		3B2ABBBD19D857DB006C9E20 /* ICAuthorizedAllowController.m */ = {isa = PBXFileReference; fileEncoding = 4; lastKnownFileType = sourcecode.c.objc; path = ICAuthorizedAllowController.m; sourceTree = "<group>"; };
		3B2ABBBF19D8691F006C9E20 /* ICUserContact.h */ = {isa = PBXFileReference; fileEncoding = 4; lastKnownFileType = sourcecode.c.h; path = ICUserContact.h; sourceTree = "<group>"; };
		3B2ABBC019D8691F006C9E20 /* ICUserContact.m */ = {isa = PBXFileReference; fileEncoding = 4; lastKnownFileType = sourcecode.c.objc; path = ICUserContact.m; sourceTree = "<group>"; };
		D7A8FC731A0E1B8200FB6213 /* cache.manifest */ = {isa = PBXFileReference; fileEncoding = 4; lastKnownFileType = text; path = cache.manifest; sourceTree = "<group>"; };
		D7A8FC741A0E1B8200FB6213 /* Icon.png */ = {isa = PBXFileReference; lastKnownFileType = image.png; path = Icon.png; sourceTree = "<group>"; };
/* End PBXFileReference section */

/* Begin PBXFrameworksBuildPhase section */
		3B139B4A19D5767700D55FB4 /* Frameworks */ = {
			isa = PBXFrameworksBuildPhase;
			buildActionMask = 2147483647;
			files = (
			);
			runOnlyForDeploymentPostprocessing = 0;
		};
/* End PBXFrameworksBuildPhase section */

/* Begin PBXGroup section */
		3B139B4419D5767700D55FB4 = {
			isa = PBXGroup;
			children = (
				3B139B4F19D5767700D55FB4 /* IconContacts */,
				3B139B5D19D5767700D55FB4 /* Images.xcassets */,
				3BC892CA19D9682B008CDC2B /* Vender */,
				3B139B4E19D5767700D55FB4 /* Products */,
				3B139B5019D5767700D55FB4 /* Supporting Files */,
			);
			sourceTree = "<group>";
		};
		3B139B4E19D5767700D55FB4 /* Products */ = {
			isa = PBXGroup;
			children = (
				3B139B4D19D5767700D55FB4 /* IconContacts.app */,
			);
			name = Products;
			sourceTree = "<group>";
		};
		3B139B4F19D5767700D55FB4 /* IconContacts */ = {
			isa = PBXGroup;
			children = (
				3B2498D719D99B3D002F2376 /* App */,
				3B2498D619D99B2F002F2376 /* Controller */,
				3B2498D819D99B4A002F2376 /* Model */,
			);
			path = IconContacts;
			sourceTree = "<group>";
		};
		3B139B5019D5767700D55FB4 /* Supporting Files */ = {
			isa = PBXGroup;
			children = (
				3B139B5119D5767700D55FB4 /* Info.plist */,
				3B139B5219D5767700D55FB4 /* main.m */,
				3B2498E019D9A39F002F2376 /* index.html */,
				D7A8FC731A0E1B8200FB6213 /* cache.manifest */,
				D7A8FC741A0E1B8200FB6213 /* Icon.png */,
			);
			name = "Supporting Files";
			path = IconContacts;
			sourceTree = "<group>";
		};
		3B2498CF19D98A91002F2376 /* mongoose */ = {
			isa = PBXGroup;
			children = (
				3B2498D019D98A91002F2376 /* mongoose.c */,
				3B2498D119D98A91002F2376 /* mongoose.h */,
			);
			path = mongoose;
			sourceTree = "<group>";
		};
		3B2498D619D99B2F002F2376 /* Controller */ = {
			isa = PBXGroup;
			children = (
				3B2ABBBC19D857DB006C9E20 /* ICAuthorizedAllowController.h */,
				3B2ABBBD19D857DB006C9E20 /* ICAuthorizedAllowController.m */,
				3B2ABBB619D84338006C9E20 /* ICAuthorizedDeniedController.h */,
				3B2ABBB719D84338006C9E20 /* ICAuthorizedDeniedController.m */,
				3B2ABBB319D837D9006C9E20 /* ICAuthorizedUnknowController.h */,
				3B2ABBB419D837D9006C9E20 /* ICAuthorizedUnknowController.m */,
			);
			name = Controller;
			sourceTree = "<group>";
		};
		3B2498D719D99B3D002F2376 /* App */ = {
			isa = PBXGroup;
			children = (
				3B139B5419D5767700D55FB4 /* AppDelegate.h */,
				3B139B5519D5767700D55FB4 /* AppDelegate.m */,
				3B139B5F19D5767700D55FB4 /* LaunchScreen.xib */,
				3B139B5A19D5767700D55FB4 /* Main.storyboard */,
			);
			name = App;
			sourceTree = "<group>";
		};
		3B2498D819D99B4A002F2376 /* Model */ = {
			isa = PBXGroup;
			children = (
				3B2ABBBF19D8691F006C9E20 /* ICUserContact.h */,
				3B2ABBC019D8691F006C9E20 /* ICUserContact.m */,
				3B2498D319D98DDE002F2376 /* ICServer.h */,
				3B2498D419D98DDE002F2376 /* ICServer.m */,
			);
			name = Model;
			sourceTree = "<group>";
		};
		3BC892CA19D9682B008CDC2B /* Vender */ = {
			isa = PBXGroup;
			children = (
				3B2498CF19D98A91002F2376 /* mongoose */,
			);
			path = Vender;
			sourceTree = "<group>";
		};
/* End PBXGroup section */

/* Begin PBXNativeTarget section */
		3B139B4C19D5767700D55FB4 /* IconContacts */ = {
			isa = PBXNativeTarget;
			buildConfigurationList = 3B139B7019D5767800D55FB4 /* Build configuration list for PBXNativeTarget "IconContacts" */;
			buildPhases = (
				3B139B4919D5767700D55FB4 /* Sources */,
				3B139B4A19D5767700D55FB4 /* Frameworks */,
				3B139B4B19D5767700D55FB4 /* Resources */,
			);
			buildRules = (
			);
			dependencies = (
			);
			name = IconContacts;
			productName = IconContacts;
			productReference = 3B139B4D19D5767700D55FB4 /* IconContacts.app */;
			productType = "com.apple.product-type.application";
		};
/* End PBXNativeTarget section */

/* Begin PBXProject section */
		3B139B4519D5767700D55FB4 /* Project object */ = {
			isa = PBXProject;
			attributes = {
				LastUpgradeCheck = 0600;
				ORGANIZATIONNAME = "Shinren Pan";
				TargetAttributes = {
					3B139B4C19D5767700D55FB4 = {
						CreatedOnToolsVersion = 6.0.1;
					};
				};
			};
			buildConfigurationList = 3B139B4819D5767700D55FB4 /* Build configuration list for PBXProject "IconContacts" */;
			compatibilityVersion = "Xcode 3.2";
			developmentRegion = English;
			hasScannedForEncodings = 0;
			knownRegions = (
				en,
				Base,
			);
			mainGroup = 3B139B4419D5767700D55FB4;
			productRefGroup = 3B139B4E19D5767700D55FB4 /* Products */;
			projectDirPath = "";
			projectRoot = "";
			targets = (
				3B139B4C19D5767700D55FB4 /* IconContacts */,
			);
		};
/* End PBXProject section */

/* Begin PBXResourcesBuildPhase section */
		3B139B4B19D5767700D55FB4 /* Resources */ = {
			isa = PBXResourcesBuildPhase;
			buildActionMask = 2147483647;
			files = (
				D7A8FC761A0E1B8200FB6213 /* Icon.png in Resources */,
				3B139B5C19D5767700D55FB4 /* Main.storyboard in Resources */,
				3B2498E219D9A39F002F2376 /* index.html in Resources */,
				D7A8FC751A0E1B8200FB6213 /* cache.manifest in Resources */,
				3B139B6119D5767700D55FB4 /* LaunchScreen.xib in Resources */,
				3B139B5E19D5767700D55FB4 /* Images.xcassets in Resources */,
			);
			runOnlyForDeploymentPostprocessing = 0;
		};
/* End PBXResourcesBuildPhase section */

/* Begin PBXSourcesBuildPhase section */
		3B139B4919D5767700D55FB4 /* Sources */ = {
			isa = PBXSourcesBuildPhase;
			buildActionMask = 2147483647;
			files = (
				3B2ABBB519D837D9006C9E20 /* ICAuthorizedUnknowController.m in Sources */,
				3B2498D519D98DDE002F2376 /* ICServer.m in Sources */,
				3B139B5619D5767700D55FB4 /* AppDelegate.m in Sources */,
				3B2ABBC119D8691F006C9E20 /* ICUserContact.m in Sources */,
				3B2ABBBE19D857DB006C9E20 /* ICAuthorizedAllowController.m in Sources */,
				3B2ABBB819D84338006C9E20 /* ICAuthorizedDeniedController.m in Sources */,
				3B2498D219D98A91002F2376 /* mongoose.c in Sources */,
				3B139B5319D5767700D55FB4 /* main.m in Sources */,
			);
			runOnlyForDeploymentPostprocessing = 0;
		};
/* End PBXSourcesBuildPhase section */

/* Begin PBXVariantGroup section */
		3B139B5A19D5767700D55FB4 /* Main.storyboard */ = {
			isa = PBXVariantGroup;
			children = (
				3B139B5B19D5767700D55FB4 /* Base */,
			);
			name = Main.storyboard;
			sourceTree = "<group>";
		};
		3B139B5F19D5767700D55FB4 /* LaunchScreen.xib */ = {
			isa = PBXVariantGroup;
			children = (
				3B139B6019D5767700D55FB4 /* Base */,
			);
			name = LaunchScreen.xib;
			sourceTree = "<group>";
		};
/* End PBXVariantGroup section */

/* Begin XCBuildConfiguration section */
		3B139B6E19D5767800D55FB4 /* Debug */ = {
			isa = XCBuildConfiguration;
			buildSettings = {
				ALWAYS_SEARCH_USER_PATHS = NO;
				CLANG_CXX_LANGUAGE_STANDARD = "gnu++0x";
				CLANG_CXX_LIBRARY = "libc++";
				CLANG_ENABLE_MODULES = YES;
				CLANG_ENABLE_OBJC_ARC = YES;
				CLANG_WARN_BOOL_CONVERSION = YES;
				CLANG_WARN_CONSTANT_CONVERSION = YES;
				CLANG_WARN_DIRECT_OBJC_ISA_USAGE = YES_ERROR;
				CLANG_WARN_EMPTY_BODY = YES;
				CLANG_WARN_ENUM_CONVERSION = YES;
				CLANG_WARN_INT_CONVERSION = YES;
				CLANG_WARN_OBJC_ROOT_CLASS = YES_ERROR;
				CLANG_WARN_UNREACHABLE_CODE = YES;
				CLANG_WARN__DUPLICATE_METHOD_MATCH = YES;
				"CODE_SIGN_IDENTITY[sdk=iphoneos*]" = "iPhone Developer";
				COPY_PHASE_STRIP = NO;
				ENABLE_STRICT_OBJC_MSGSEND = YES;
				GCC_C_LANGUAGE_STANDARD = gnu99;
				GCC_DYNAMIC_NO_PIC = NO;
				GCC_OPTIMIZATION_LEVEL = 0;
				GCC_PREPROCESSOR_DEFINITIONS = (
					"DEBUG=1",
					"$(inherited)",
				);
				GCC_SYMBOLS_PRIVATE_EXTERN = NO;
				GCC_WARN_64_TO_32_BIT_CONVERSION = YES;
				GCC_WARN_ABOUT_RETURN_TYPE = YES_ERROR;
				GCC_WARN_UNDECLARED_SELECTOR = YES;
				GCC_WARN_UNINITIALIZED_AUTOS = YES_AGGRESSIVE;
				GCC_WARN_UNUSED_FUNCTION = YES;
				GCC_WARN_UNUSED_VARIABLE = YES;
				IPHONEOS_DEPLOYMENT_TARGET = 8.0;
				MTL_ENABLE_DEBUG_INFO = YES;
				ONLY_ACTIVE_ARCH = YES;
				SDKROOT = iphoneos;
			};
			name = Debug;
		};
		3B139B6F19D5767800D55FB4 /* Release */ = {
			isa = XCBuildConfiguration;
			buildSettings = {
				ALWAYS_SEARCH_USER_PATHS = NO;
				CLANG_CXX_LANGUAGE_STANDARD = "gnu++0x";
				CLANG_CXX_LIBRARY = "libc++";
				CLANG_ENABLE_MODULES = YES;
				CLANG_ENABLE_OBJC_ARC = YES;
				CLANG_WARN_BOOL_CONVERSION = YES;
				CLANG_WARN_CONSTANT_CONVERSION = YES;
				CLANG_WARN_DIRECT_OBJC_ISA_USAGE = YES_ERROR;
				CLANG_WARN_EMPTY_BODY = YES;
				CLANG_WARN_ENUM_CONVERSION = YES;
				CLANG_WARN_INT_CONVERSION = YES;
				CLANG_WARN_OBJC_ROOT_CLASS = YES_ERROR;
				CLANG_WARN_UNREACHABLE_CODE = YES;
				CLANG_WARN__DUPLICATE_METHOD_MATCH = YES;
				"CODE_SIGN_IDENTITY[sdk=iphoneos*]" = "iPhone Developer";
				COPY_PHASE_STRIP = YES;
				ENABLE_NS_ASSERTIONS = NO;
				ENABLE_STRICT_OBJC_MSGSEND = YES;
				GCC_C_LANGUAGE_STANDARD = gnu99;
				GCC_WARN_64_TO_32_BIT_CONVERSION = YES;
				GCC_WARN_ABOUT_RETURN_TYPE = YES_ERROR;
				GCC_WARN_UNDECLARED_SELECTOR = YES;
				GCC_WARN_UNINITIALIZED_AUTOS = YES_AGGRESSIVE;
				GCC_WARN_UNUSED_FUNCTION = YES;
				GCC_WARN_UNUSED_VARIABLE = YES;
				IPHONEOS_DEPLOYMENT_TARGET = 8.0;
				MTL_ENABLE_DEBUG_INFO = NO;
				SDKROOT = iphoneos;
				VALIDATE_PRODUCT = YES;
			};
			name = Release;
		};
		3B139B7119D5767800D55FB4 /* Debug */ = {
			isa = XCBuildConfiguration;
			buildSettings = {
				ASSETCATALOG_COMPILER_APPICON_NAME = AppIcon;
				INFOPLIST_FILE = IconContacts/Info.plist;
				LD_RUNPATH_SEARCH_PATHS = "$(inherited) @executable_path/Frameworks";
				PRODUCT_NAME = "$(TARGET_NAME)";
			};
			name = Debug;
		};
		3B139B7219D5767800D55FB4 /* Release */ = {
			isa = XCBuildConfiguration;
			buildSettings = {
				ASSETCATALOG_COMPILER_APPICON_NAME = AppIcon;
				INFOPLIST_FILE = IconContacts/Info.plist;
				LD_RUNPATH_SEARCH_PATHS = "$(inherited) @executable_path/Frameworks";
				PRODUCT_NAME = "$(TARGET_NAME)";
			};
			name = Release;
		};
/* End XCBuildConfiguration section */

/* Begin XCConfigurationList section */
		3B139B4819D5767700D55FB4 /* Build configuration list for PBXProject "IconContacts" */ = {
			isa = XCConfigurationList;
			buildConfigurations = (
				3B139B6E19D5767800D55FB4 /* Debug */,
				3B139B6F19D5767800D55FB4 /* Release */,
			);
			defaultConfigurationIsVisible = 0;
			defaultConfigurationName = Release;
		};
		3B139B7019D5767800D55FB4 /* Build configuration list for PBXNativeTarget "IconContacts" */ = {
			isa = XCConfigurationList;
			buildConfigurations = (
				3B139B7119D5767800D55FB4 /* Debug */,
				3B139B7219D5767800D55FB4 /* Release */,
			);
			defaultConfigurationIsVisible = 0;
			defaultConfigurationName = Release;
		};
/* End XCConfigurationList section */
	};
	rootObject = 3B139B4519D5767700D55FB4 /* Project object */;
}
